
Microsoft Visual Studio Solution File, Format Version 12.00
# Visual Studio 15
VisualStudioVersion = 15.0.28307.902
MinimumVisualStudioVersion = 10.0.40219.1
Project("{FAE04EC0-301F-11D3-BF4B-00C04F79EFBC}") = "TrackerLibrary", "TrackerLibrary\TrackerLibrary.csproj", "{C1F8173D-3485-4AE0-9B3C-02ECCED4C53F}"
EndProject
Project("{FAE04EC0-301F-11D3-BF4B-00C04F79EFBC}") = "TrackerUI", "TrackerUI\TrackerUI.csproj", "{D775AE65-EAAA-4FF2-8F20-C0C87E26B37B}"
EndProject
Global
	GlobalSection(SolutionConfigurationPlatforms) = preSolution
		Debug|Any CPU = Debug|Any CPU
		Release|Any CPU = Release|Any CPU
	EndGlobalSection
	GlobalSection(ProjectConfigurationPlatforms) = postSolution
		{C1F8173D-3485-4AE0-9B3C-02ECCED4C53F}.Debug|Any CPU.ActiveCfg = Debug|Any CPU
		{C1F8173D-3485-4AE0-9B3C-02ECCED4C53F}.Debug|Any CPU.Build.0 = Debug|Any CPU
		{C1F8173D-3485-4AE0-9B3C-02ECCED4C53F}.Release|Any CPU.ActiveCfg = Release|Any CPU
		{C1F8173D-3485-4AE0-9B3C-02ECCED4C53F}.Release|Any CPU.Build.0 = Release|Any CPU
		{D775AE65-EAAA-4FF2-8F20-C0C87E26B37B}.Debug|Any CPU.ActiveCfg = Debug|Any CPU
		{D775AE65-EAAA-4FF2-8F20-C0C87E26B37B}.Debug|Any CPU.Build.0 = Debug|Any CPU
		{D775AE65-EAAA-4FF2-8F20-C0C87E26B37B}.Release|Any CPU.ActiveCfg = Release|Any CPU
		{D775AE65-EAAA-4FF2-8F20-C0C87E26B37B}.Release|Any CPU.Build.0 = Release|Any CPU
	EndGlobalSection
	GlobalSection(SolutionProperties) = preSolution
		HideSolutionNode = FALSE
	EndGlobalSection
	GlobalSection(ExtensibilityGlobals) = postSolution
		SolutionGuid = {E47ABD34-5220-4D00-980F-F56CD176BCB8}
	EndGlobalSection
EndGlobal
